
Microsoft Visual Studio Solution File, Format Version 12.00
# Visual Studio Version 17
VisualStudioVersion = 17.12.35209.166
MinimumVisualStudioVersion = 10.0.40219.1
Project("{FAE04EC0-301F-11D3-BF4B-00C04F79EFBC}") = "AbsoluteLayoute_Lumememm", "AbsoluteLayoute_Lumememm.csproj", "{BAFD85B6-2422-44B5-9D9C-4919629DF5E6}"
EndProject
Global
	GlobalSection(SolutionConfigurationPlatforms) = preSolution
		Debug|Any CPU = Debug|Any CPU
		Release|Any CPU = Release|Any CPU
	EndGlobalSection
	GlobalSection(ProjectConfigurationPlatforms) = postSolution
		{BAFD85B6-2422-44B5-9D9C-4919629DF5E6}.Debug|Any CPU.ActiveCfg = Debug|Any CPU
		{BAFD85B6-2422-44B5-9D9C-4919629DF5E6}.Debug|Any CPU.Build.0 = Debug|Any CPU
		{BAFD85B6-2422-44B5-9D9C-4919629DF5E6}.Debug|Any CPU.Deploy.0 = Debug|Any CPU
		{BAFD85B6-2422-44B5-9D9C-4919629DF5E6}.Release|Any CPU.ActiveCfg = Release|Any CPU
		{BAFD85B6-2422-44B5-9D9C-4919629DF5E6}.Release|Any CPU.Build.0 = Release|Any CPU
		{BAFD85B6-2422-44B5-9D9C-4919629DF5E6}.Release|Any CPU.Deploy.0 = Release|Any CPU
	EndGlobalSection
	GlobalSection(SolutionProperties) = preSolution
		HideSolutionNode = FALSE
	EndGlobalSection
	GlobalSection(ExtensibilityGlobals) = postSolution
		SolutionGuid = {1E3F8115-765C-4468-875A-05977DD755D0}
	EndGlobalSection
EndGlobal
